
Microsoft Visual Studio Solution File, Format Version 12.00
# Visual Studio Version 16
VisualStudioVersion = 16.0.29411.108
MinimumVisualStudioVersion = 10.0.40219.1
Project("{8BC9CEB8-8B4A-11D0-8D11-00A0C91BC942}") = "UnitTestLab1", "UnitTestLab1.vcxproj", "{BD63A068-1F0B-4535-BEBC-0F65C0A80C5D}"
EndProject
Project("{8BC9CEB8-8B4A-11D0-8D11-00A0C91BC942}") = "dualList", "..\dualList\dualList.vcxproj", "{472472F2-DE76-43D2-AAB2-0D6BB5044F8E}"
EndProject
Global
	GlobalSection(SolutionConfigurationPlatforms) = preSolution
		Debug|x64 = Debug|x64
		Debug|x86 = Debug|x86
		Release|x64 = Release|x64
		Release|x86 = Release|x86
	EndGlobalSection
	GlobalSection(ProjectConfigurationPlatforms) = postSolution
		{BD63A068-1F0B-4535-BEBC-0F65C0A80C5D}.Debug|x64.ActiveCfg = Debug|x64
		{BD63A068-1F0B-4535-BEBC-0F65C0A80C5D}.Debug|x64.Build.0 = Debug|x64
		{BD63A068-1F0B-4535-BEBC-0F65C0A80C5D}.Debug|x86.ActiveCfg = Debug|Win32
		{BD63A068-1F0B-4535-BEBC-0F65C0A80C5D}.Debug|x86.Build.0 = Debug|Win32
		{BD63A068-1F0B-4535-BEBC-0F65C0A80C5D}.Release|x64.ActiveCfg = Release|x64
		{BD63A068-1F0B-4535-BEBC-0F65C0A80C5D}.Release|x64.Build.0 = Release|x64
		{BD63A068-1F0B-4535-BEBC-0F65C0A80C5D}.Release|x86.ActiveCfg = Release|Win32
		{BD63A068-1F0B-4535-BEBC-0F65C0A80C5D}.Release|x86.Build.0 = Release|Win32
		{472472F2-DE76-43D2-AAB2-0D6BB5044F8E}.Debug|x64.ActiveCfg = Debug|x64
		{472472F2-DE76-43D2-AAB2-0D6BB5044F8E}.Debug|x64.Build.0 = Debug|x64
		{472472F2-DE76-43D2-AAB2-0D6BB5044F8E}.Debug|x86.ActiveCfg = Debug|Win32
		{472472F2-DE76-43D2-AAB2-0D6BB5044F8E}.Debug|x86.Build.0 = Debug|Win32
		{472472F2-DE76-43D2-AAB2-0D6BB5044F8E}.Release|x64.ActiveCfg = Release|x64
		{472472F2-DE76-43D2-AAB2-0D6BB5044F8E}.Release|x64.Build.0 = Release|x64
		{472472F2-DE76-43D2-AAB2-0D6BB5044F8E}.Release|x86.ActiveCfg = Release|Win32
		{472472F2-DE76-43D2-AAB2-0D6BB5044F8E}.Release|x86.Build.0 = Release|Win32
	EndGlobalSection
	GlobalSection(SolutionProperties) = preSolution
		HideSolutionNode = FALSE
	EndGlobalSection
	GlobalSection(ExtensibilityGlobals) = postSolution
		SolutionGuid = {B545B6EF-F484-478A-B793-1A6E262BB7D2}
	EndGlobalSection
EndGlobal
